
Microsoft Visual Studio Solution File, Format Version 12.00
# Visual Studio Version 17
VisualStudioVersion = 17.5.33424.131
MinimumVisualStudioVersion = 10.0.40219.1
Project("{9A19103F-16F7-4668-BE54-9A1E7A4F7556}") = "TodosBackend.Web", "TodosBackend.Web.csproj", "{AD6829B6-1267-4F45-8702-CF7E70D6E768}"
EndProject
Project("{FAE04EC0-301F-11D3-BF4B-00C04F79EFBC}") = "TodosBackend.Data", "..\TodosBackend.Data\TodosBackend.Data.csproj", "{138247AB-F45C-4539-8ABD-C9D676AF5C6D}"
EndProject
Project("{FAE04EC0-301F-11D3-BF4B-00C04F79EFBC}") = "TodosBackend.CommunicationModels", "..\TodosBackend.CommunicationModels\TodosBackend.CommunicationModels.csproj", "{7B82BE75-B736-4AD7-9ABD-AB0E230ADB33}"
EndProject
Global
	GlobalSection(SolutionConfigurationPlatforms) = preSolution
		Debug|Any CPU = Debug|Any CPU
		Release|Any CPU = Release|Any CPU
	EndGlobalSection
	GlobalSection(ProjectConfigurationPlatforms) = postSolution
		{AD6829B6-1267-4F45-8702-CF7E70D6E768}.Debug|Any CPU.ActiveCfg = Debug|Any CPU
		{AD6829B6-1267-4F45-8702-CF7E70D6E768}.Debug|Any CPU.Build.0 = Debug|Any CPU
		{AD6829B6-1267-4F45-8702-CF7E70D6E768}.Release|Any CPU.ActiveCfg = Release|Any CPU
		{AD6829B6-1267-4F45-8702-CF7E70D6E768}.Release|Any CPU.Build.0 = Release|Any CPU
		{138247AB-F45C-4539-8ABD-C9D676AF5C6D}.Debug|Any CPU.ActiveCfg = Debug|Any CPU
		{138247AB-F45C-4539-8ABD-C9D676AF5C6D}.Debug|Any CPU.Build.0 = Debug|Any CPU
		{138247AB-F45C-4539-8ABD-C9D676AF5C6D}.Release|Any CPU.ActiveCfg = Release|Any CPU
		{138247AB-F45C-4539-8ABD-C9D676AF5C6D}.Release|Any CPU.Build.0 = Release|Any CPU
		{7B82BE75-B736-4AD7-9ABD-AB0E230ADB33}.Debug|Any CPU.ActiveCfg = Debug|Any CPU
		{7B82BE75-B736-4AD7-9ABD-AB0E230ADB33}.Debug|Any CPU.Build.0 = Debug|Any CPU
		{7B82BE75-B736-4AD7-9ABD-AB0E230ADB33}.Release|Any CPU.ActiveCfg = Release|Any CPU
		{7B82BE75-B736-4AD7-9ABD-AB0E230ADB33}.Release|Any CPU.Build.0 = Release|Any CPU
	EndGlobalSection
	GlobalSection(SolutionProperties) = preSolution
		HideSolutionNode = FALSE
	EndGlobalSection
	GlobalSection(ExtensibilityGlobals) = postSolution
		SolutionGuid = {2C7F9DC4-5D78-44F1-86B5-6767CB54AF51}
	EndGlobalSection
EndGlobal
